// !$*UTF8*$!
{
	archiveVersion = 1;
	classes = {
	};
	objectVersion = 46;
	objects = {

/* Begin PBXBuildFile section */
		362B3B441A09C11E005711E8 /* チェック-on@3x.png in Resources */ = {isa = PBXBuildFile; fileRef = 362B3B421A09C11E005711E8 /* チェック-on@3x.png */; };
		362B3B451A09C11E005711E8 /* チェック@3x.png in Resources */ = {isa = PBXBuildFile; fileRef = 362B3B431A09C11E005711E8 /* チェック@3x.png */; };
		362B3B471A09DCF9005711E8 /* RestaurantTableViewCell.swift in Sources */ = {isa = PBXBuildFile; fileRef = 362B3B461A09DCF9005711E8 /* RestaurantTableViewCell.swift */; };
		362B3B4A1A09E38F005711E8 /* util.m in Sources */ = {isa = PBXBuildFile; fileRef = 362B3B491A09E38F005711E8 /* util.m */; };
		362B3B4C1A09E606005711E8 /* CoreLocation.framework in Frameworks */ = {isa = PBXBuildFile; fileRef = 362B3B4B1A09E606005711E8 /* CoreLocation.framework */; };
		367AB41019E4F80200882553 /* AppDelegate.swift in Sources */ = {isa = PBXBuildFile; fileRef = 367AB40F19E4F80200882553 /* AppDelegate.swift */; };
		367AB41219E4F80200882553 /* FirstViewController.swift in Sources */ = {isa = PBXBuildFile; fileRef = 367AB41119E4F80200882553 /* FirstViewController.swift */; };
		367AB41419E4F80200882553 /* SecondViewController.swift in Sources */ = {isa = PBXBuildFile; fileRef = 367AB41319E4F80200882553 /* SecondViewController.swift */; };
		367AB41719E4F80200882553 /* Main.storyboard in Resources */ = {isa = PBXBuildFile; fileRef = 367AB41519E4F80200882553 /* Main.storyboard */; };
		367AB41919E4F80200882553 /* Images.xcassets in Resources */ = {isa = PBXBuildFile; fileRef = 367AB41819E4F80200882553 /* Images.xcassets */; };
		367AB41C19E4F80200882553 /* LaunchScreen.xib in Resources */ = {isa = PBXBuildFile; fileRef = 367AB41A19E4F80200882553 /* LaunchScreen.xib */; };
		367AB43219E5045000882553 /* NetworkManager.swift in Sources */ = {isa = PBXBuildFile; fileRef = 367AB43119E5045000882553 /* NetworkManager.swift */; };
		367AB43419E5048100882553 /* TaskAPI.swift in Sources */ = {isa = PBXBuildFile; fileRef = 367AB43319E5048100882553 /* TaskAPI.swift */; };
		367C07DC19F628F1000F31E9 /* restaurantCell.xib in Resources */ = {isa = PBXBuildFile; fileRef = 367C07DB19F628F1000F31E9 /* restaurantCell.xib */; };
		9B25D1ED32B94FD1B80AED13 /* libPods-arkohills.a in Frameworks */ = {isa = PBXBuildFile; fileRef = 404CCD524AC44F01922A683A /* libPods-arkohills.a */; };
/* End PBXBuildFile section */

/* Begin PBXContainerItemProxy section */
		367AB42219E4F80200882553 /* PBXContainerItemProxy */ = {
			isa = PBXContainerItemProxy;
			containerPortal = 367AB40219E4F80000882553 /* Project object */;
			proxyType = 1;
			remoteGlobalIDString = 367AB40919E4F80000882553;
			remoteInfo = arkohills;
		};
/* End PBXContainerItemProxy section */

/* Begin PBXFileReference section */
		362B3B421A09C11E005711E8 /* チェック-on@3x.png */ = {isa = PBXFileReference; lastKnownFileType = image.png; path = "チェック-on@3x.png"; sourceTree = "<group>"; };
		362B3B431A09C11E005711E8 /* チェック@3x.png */ = {isa = PBXFileReference; lastKnownFileType = image.png; path = "チェック@3x.png"; sourceTree = "<group>"; };
		362B3B461A09DCF9005711E8 /* RestaurantTableViewCell.swift */ = {isa = PBXFileReference; fileEncoding = 4; lastKnownFileType = sourcecode.swift; path = RestaurantTableViewCell.swift; sourceTree = "<group>"; };
		362B3B481A09E38F005711E8 /* util.h */ = {isa = PBXFileReference; fileEncoding = 4; lastKnownFileType = sourcecode.c.h; path = util.h; sourceTree = "<group>"; };
		362B3B491A09E38F005711E8 /* util.m */ = {isa = PBXFileReference; fileEncoding = 4; lastKnownFileType = sourcecode.c.objc; path = util.m; sourceTree = "<group>"; };
		362B3B4B1A09E606005711E8 /* CoreLocation.framework */ = {isa = PBXFileReference; lastKnownFileType = wrapper.framework; name = CoreLocation.framework; path = System/Library/Frameworks/CoreLocation.framework; sourceTree = SDKROOT; };
		367AB40A19E4F80200882553 /* arkohills.app */ = {isa = PBXFileReference; explicitFileType = wrapper.application; includeInIndex = 0; path = arkohills.app; sourceTree = BUILT_PRODUCTS_DIR; };
		367AB40E19E4F80200882553 /* Info.plist */ = {isa = PBXFileReference; lastKnownFileType = text.plist.xml; path = Info.plist; sourceTree = "<group>"; };
		367AB40F19E4F80200882553 /* AppDelegate.swift */ = {isa = PBXFileReference; lastKnownFileType = sourcecode.swift; path = AppDelegate.swift; sourceTree = "<group>"; };
		367AB41119E4F80200882553 /* FirstViewController.swift */ = {isa = PBXFileReference; lastKnownFileType = sourcecode.swift; path = FirstViewController.swift; sourceTree = "<group>"; };
		367AB41319E4F80200882553 /* SecondViewController.swift */ = {isa = PBXFileReference; lastKnownFileType = sourcecode.swift; path = SecondViewController.swift; sourceTree = "<group>"; };
		367AB41619E4F80200882553 /* Base */ = {isa = PBXFileReference; lastKnownFileType = file.storyboard; name = Base; path = Base.lproj/Main.storyboard; sourceTree = "<group>"; };
		367AB41819E4F80200882553 /* Images.xcassets */ = {isa = PBXFileReference; lastKnownFileType = folder.assetcatalog; path = Images.xcassets; sourceTree = "<group>"; };
		367AB41B19E4F80200882553 /* Base */ = {isa = PBXFileReference; lastKnownFileType = file.xib; name = Base; path = Base.lproj/LaunchScreen.xib; sourceTree = "<group>"; };
		367AB42119E4F80200882553 /* arkohillsTests.xctest */ = {isa = PBXFileReference; explicitFileType = wrapper.cfbundle; includeInIndex = 0; path = arkohillsTests.xctest; sourceTree = BUILT_PRODUCTS_DIR; };
		367AB43119E5045000882553 /* NetworkManager.swift */ = {isa = PBXFileReference; fileEncoding = 4; lastKnownFileType = sourcecode.swift; path = NetworkManager.swift; sourceTree = "<group>"; };
		367AB43319E5048100882553 /* TaskAPI.swift */ = {isa = PBXFileReference; fileEncoding = 4; lastKnownFileType = sourcecode.swift; path = TaskAPI.swift; sourceTree = "<group>"; };
		367AB43519E5053D00882553 /* arkohills-Bridging-Header.h */ = {isa = PBXFileReference; lastKnownFileType = sourcecode.c.h; path = "arkohills-Bridging-Header.h"; sourceTree = "<group>"; };
		367AB43619E5053D00882553 /* SwiftExample-Briding-Header.h */ = {isa = PBXFileReference; fileEncoding = 4; lastKnownFileType = sourcecode.c.h; path = "SwiftExample-Briding-Header.h"; sourceTree = "<group>"; };
		367C07DB19F628F1000F31E9 /* restaurantCell.xib */ = {isa = PBXFileReference; fileEncoding = 4; lastKnownFileType = file.xib; path = restaurantCell.xib; sourceTree = "<group>"; };
		404CCD524AC44F01922A683A /* libPods-arkohills.a */ = {isa = PBXFileReference; explicitFileType = archive.ar; includeInIndex = 0; path = "libPods-arkohills.a"; sourceTree = BUILT_PRODUCTS_DIR; };
		721F787FBBE443FE9F201F78 /* Pods-arkohills.xcconfig */ = {isa = PBXFileReference; includeInIndex = 1; lastKnownFileType = text.xcconfig; name = "Pods-arkohills.xcconfig"; path = "Pods/Pods-arkohills.xcconfig"; sourceTree = "<group>"; };
/* End PBXFileReference section */

/* Begin PBXFrameworksBuildPhase section */
		367AB40719E4F80000882553 /* Frameworks */ = {
			isa = PBXFrameworksBuildPhase;
			buildActionMask = 2147483647;
			files = (
				362B3B4C1A09E606005711E8 /* CoreLocation.framework in Frameworks */,
				9B25D1ED32B94FD1B80AED13 /* libPods-arkohills.a in Frameworks */,
			);
			runOnlyForDeploymentPostprocessing = 0;
		};
		367AB41E19E4F80200882553 /* Frameworks */ = {
			isa = PBXFrameworksBuildPhase;
			buildActionMask = 2147483647;
			files = (
			);
			runOnlyForDeploymentPostprocessing = 0;
		};
/* End PBXFrameworksBuildPhase section */

/* Begin PBXGroup section */
		2677884C01824162822FD011 /* Frameworks */ = {
			isa = PBXGroup;
			children = (
				362B3B4B1A09E606005711E8 /* CoreLocation.framework */,
				404CCD524AC44F01922A683A /* libPods-arkohills.a */,
			);
			name = Frameworks;
			sourceTree = "<group>";
		};
		362B3B411A09C11E005711E8 /* Resources */ = {
			isa = PBXGroup;
			children = (
				362B3B421A09C11E005711E8 /* チェック-on@3x.png */,
				362B3B431A09C11E005711E8 /* チェック@3x.png */,
			);
			path = Resources;
			sourceTree = "<group>";
		};
		367AB40119E4F80000882553 = {
			isa = PBXGroup;
			children = (
				367AB40C19E4F80200882553 /* arkohills */,
				367AB40B19E4F80200882553 /* Products */,
				721F787FBBE443FE9F201F78 /* Pods-arkohills.xcconfig */,
				2677884C01824162822FD011 /* Frameworks */,
			);
			sourceTree = "<group>";
		};
		367AB40B19E4F80200882553 /* Products */ = {
			isa = PBXGroup;
			children = (
				367AB40A19E4F80200882553 /* arkohills.app */,
				367AB42119E4F80200882553 /* arkohillsTests.xctest */,
			);
			name = Products;
			sourceTree = "<group>";
		};
		367AB40C19E4F80200882553 /* arkohills */ = {
			isa = PBXGroup;
			children = (
				367AB40F19E4F80200882553 /* AppDelegate.swift */,
				367AB41119E4F80200882553 /* FirstViewController.swift */,
				367AB43119E5045000882553 /* NetworkManager.swift */,
				367AB43319E5048100882553 /* TaskAPI.swift */,
				367AB43619E5053D00882553 /* SwiftExample-Briding-Header.h */,
				367AB41319E4F80200882553 /* SecondViewController.swift */,
				367AB41519E4F80200882553 /* Main.storyboard */,
				367C07DB19F628F1000F31E9 /* restaurantCell.xib */,
				367AB41819E4F80200882553 /* Images.xcassets */,
				367AB41A19E4F80200882553 /* LaunchScreen.xib */,
				362B3B411A09C11E005711E8 /* Resources */,
				367AB40D19E4F80200882553 /* Supporting Files */,
				367AB43519E5053D00882553 /* arkohills-Bridging-Header.h */,
				362B3B461A09DCF9005711E8 /* RestaurantTableViewCell.swift */,
			);
			path = arkohills;
			sourceTree = "<group>";
		};
		367AB40D19E4F80200882553 /* Supporting Files */ = {
			isa = PBXGroup;
			children = (
				367AB40E19E4F80200882553 /* Info.plist */,
				362B3B481A09E38F005711E8 /* util.h */,
				362B3B491A09E38F005711E8 /* util.m */,
			);
			name = "Supporting Files";
			sourceTree = "<group>";
		};
/* End PBXGroup section */

/* Begin PBXNativeTarget section */
		367AB40919E4F80000882553 /* arkohills */ = {
			isa = PBXNativeTarget;
			buildConfigurationList = 367AB42B19E4F80200882553 /* Build configuration list for PBXNativeTarget "arkohills" */;
			buildPhases = (
				4C639DAE492A408D88F9F90A /* Check Pods Manifest.lock */,
				367AB40619E4F80000882553 /* Sources */,
				367AB40719E4F80000882553 /* Frameworks */,
				367AB40819E4F80000882553 /* Resources */,
				E89D6A8EED0446A6B5D43C5B /* Copy Pods Resources */,
			);
			buildRules = (
			);
			dependencies = (
			);
			name = arkohills;
			productName = arkohills;
			productReference = 367AB40A19E4F80200882553 /* arkohills.app */;
			productType = "com.apple.product-type.application";
		};
		367AB42019E4F80200882553 /* arkohillsTests */ = {
			isa = PBXNativeTarget;
			buildConfigurationList = 367AB42E19E4F80200882553 /* Build configuration list for PBXNativeTarget "arkohillsTests" */;
			buildPhases = (
				367AB41D19E4F80200882553 /* Sources */,
				367AB41E19E4F80200882553 /* Frameworks */,
				367AB41F19E4F80200882553 /* Resources */,
			);
			buildRules = (
			);
			dependencies = (
				367AB42319E4F80200882553 /* PBXTargetDependency */,
			);
			name = arkohillsTests;
			productName = arkohillsTests;
			productReference = 367AB42119E4F80200882553 /* arkohillsTests.xctest */;
			productType = "com.apple.product-type.bundle.unit-test";
		};
/* End PBXNativeTarget section */

/* Begin PBXProject section */
		367AB40219E4F80000882553 /* Project object */ = {
			isa = PBXProject;
			attributes = {
				LastUpgradeCheck = 0600;
				ORGANIZATIONNAME = hhirono;
				TargetAttributes = {
					367AB40919E4F80000882553 = {
						CreatedOnToolsVersion = 6.0.1;
					};
					367AB42019E4F80200882553 = {
						CreatedOnToolsVersion = 6.0.1;
						TestTargetID = 367AB40919E4F80000882553;
					};
				};
			};
			buildConfigurationList = 367AB40519E4F80000882553 /* Build configuration list for PBXProject "arkohills" */;
			compatibilityVersion = "Xcode 3.2";
			developmentRegion = English;
			hasScannedForEncodings = 0;
			knownRegions = (
				en,
				Base,
			);
			mainGroup = 367AB40119E4F80000882553;
			productRefGroup = 367AB40B19E4F80200882553 /* Products */;
			projectDirPath = "";
			projectRoot = "";
			targets = (
				367AB40919E4F80000882553 /* arkohills */,
				367AB42019E4F80200882553 /* arkohillsTests */,
			);
		};
/* End PBXProject section */

/* Begin PBXResourcesBuildPhase section */
		367AB40819E4F80000882553 /* Resources */ = {
			isa = PBXResourcesBuildPhase;
			buildActionMask = 2147483647;
			files = (
				362B3B441A09C11E005711E8 /* チェック-on@3x.png in Resources */,
				367C07DC19F628F1000F31E9 /* restaurantCell.xib in Resources */,
				367AB41719E4F80200882553 /* Main.storyboard in Resources */,
				367AB41C19E4F80200882553 /* LaunchScreen.xib in Resources */,
				367AB41919E4F80200882553 /* Images.xcassets in Resources */,
				362B3B451A09C11E005711E8 /* チェック@3x.png in Resources */,
			);
			runOnlyForDeploymentPostprocessing = 0;
		};
		367AB41F19E4F80200882553 /* Resources */ = {
			isa = PBXResourcesBuildPhase;
			buildActionMask = 2147483647;
			files = (
			);
			runOnlyForDeploymentPostprocessing = 0;
		};
/* End PBXResourcesBuildPhase section */

/* Begin PBXShellScriptBuildPhase section */
		4C639DAE492A408D88F9F90A /* Check Pods Manifest.lock */ = {
			isa = PBXShellScriptBuildPhase;
			buildActionMask = 2147483647;
			files = (
			);
			inputPaths = (
			);
			name = "Check Pods Manifest.lock";
			outputPaths = (
			);
			runOnlyForDeploymentPostprocessing = 0;
			shellPath = /bin/sh;
			shellScript = "diff \"${PODS_ROOT}/../Podfile.lock\" \"${PODS_ROOT}/Manifest.lock\" > /dev/null\nif [[ $? != 0 ]] ; then\n    cat << EOM\nerror: The sandbox is not in sync with the Podfile.lock. Run 'pod install' or update your CocoaPods installation.\nEOM\n    exit 1\nfi\n";
			showEnvVarsInLog = 0;
		};
		E89D6A8EED0446A6B5D43C5B /* Copy Pods Resources */ = {
			isa = PBXShellScriptBuildPhase;
			buildActionMask = 2147483647;
			files = (
			);
			inputPaths = (
			);
			name = "Copy Pods Resources";
			outputPaths = (
			);
			runOnlyForDeploymentPostprocessing = 0;
			shellPath = /bin/sh;
			shellScript = "\"${SRCROOT}/Pods/Pods-arkohills-resources.sh\"\n";
			showEnvVarsInLog = 0;
		};
/* End PBXShellScriptBuildPhase section */

/* Begin PBXSourcesBuildPhase section */
		367AB40619E4F80000882553 /* Sources */ = {
			isa = PBXSourcesBuildPhase;
			buildActionMask = 2147483647;
			files = (
				367AB43219E5045000882553 /* NetworkManager.swift in Sources */,
				362B3B4A1A09E38F005711E8 /* util.m in Sources */,
				367AB41419E4F80200882553 /* SecondViewController.swift in Sources */,
				367AB41019E4F80200882553 /* AppDelegate.swift in Sources */,
				367AB41219E4F80200882553 /* FirstViewController.swift in Sources */,
				362B3B471A09DCF9005711E8 /* RestaurantTableViewCell.swift in Sources */,
				367AB43419E5048100882553 /* TaskAPI.swift in Sources */,
			);
			runOnlyForDeploymentPostprocessing = 0;
		};
		367AB41D19E4F80200882553 /* Sources */ = {
			isa = PBXSourcesBuildPhase;
			buildActionMask = 2147483647;
			files = (
			);
			runOnlyForDeploymentPostprocessing = 0;
		};
/* End PBXSourcesBuildPhase section */

/* Begin PBXTargetDependency section */
		367AB42319E4F80200882553 /* PBXTargetDependency */ = {
			isa = PBXTargetDependency;
			target = 367AB40919E4F80000882553 /* arkohills */;
			targetProxy = 367AB42219E4F80200882553 /* PBXContainerItemProxy */;
		};
/* End PBXTargetDependency section */

/* Begin PBXVariantGroup section */
		367AB41519E4F80200882553 /* Main.storyboard */ = {
			isa = PBXVariantGroup;
			children = (
				367AB41619E4F80200882553 /* Base */,
			);
			name = Main.storyboard;
			sourceTree = "<group>";
		};
		367AB41A19E4F80200882553 /* LaunchScreen.xib */ = {
			isa = PBXVariantGroup;
			children = (
				367AB41B19E4F80200882553 /* Base */,
			);
			name = LaunchScreen.xib;
			sourceTree = "<group>";
		};
/* End PBXVariantGroup section */

/* Begin XCBuildConfiguration section */
		367AB42919E4F80200882553 /* Debug */ = {
			isa = XCBuildConfiguration;
			buildSettings = {
				ALWAYS_SEARCH_USER_PATHS = NO;
				CLANG_CXX_LANGUAGE_STANDARD = "gnu++0x";
				CLANG_CXX_LIBRARY = "libc++";
				CLANG_ENABLE_MODULES = YES;
				CLANG_ENABLE_OBJC_ARC = YES;
				CLANG_WARN_BOOL_CONVERSION = YES;
				CLANG_WARN_CONSTANT_CONVERSION = YES;
				CLANG_WARN_DIRECT_OBJC_ISA_USAGE = YES_ERROR;
				CLANG_WARN_EMPTY_BODY = YES;
				CLANG_WARN_ENUM_CONVERSION = YES;
				CLANG_WARN_INT_CONVERSION = YES;
				CLANG_WARN_OBJC_ROOT_CLASS = YES_ERROR;
				CLANG_WARN_UNREACHABLE_CODE = YES;
				CLANG_WARN__DUPLICATE_METHOD_MATCH = YES;
				"CODE_SIGN_IDENTITY[sdk=iphoneos*]" = "iPhone Developer";
				COPY_PHASE_STRIP = NO;
				ENABLE_STRICT_OBJC_MSGSEND = YES;
				GCC_C_LANGUAGE_STANDARD = gnu99;
				GCC_DYNAMIC_NO_PIC = NO;
				GCC_OPTIMIZATION_LEVEL = 0;
				GCC_PREPROCESSOR_DEFINITIONS = (
					"DEBUG=1",
					"$(inherited)",
				);
				GCC_SYMBOLS_PRIVATE_EXTERN = NO;
				GCC_WARN_64_TO_32_BIT_CONVERSION = YES;
				GCC_WARN_ABOUT_RETURN_TYPE = YES_ERROR;
				GCC_WARN_UNDECLARED_SELECTOR = YES;
				GCC_WARN_UNINITIALIZED_AUTOS = YES_AGGRESSIVE;
				GCC_WARN_UNUSED_FUNCTION = YES;
				GCC_WARN_UNUSED_VARIABLE = YES;
				IPHONEOS_DEPLOYMENT_TARGET = 8.0;
				MTL_ENABLE_DEBUG_INFO = YES;
				ONLY_ACTIVE_ARCH = YES;
				SDKROOT = iphoneos;
				SWIFT_OPTIMIZATION_LEVEL = "-Onone";
				TARGETED_DEVICE_FAMILY = "1,2";
			};
			name = Debug;
		};
		367AB42A19E4F80200882553 /* Release */ = {
			isa = XCBuildConfiguration;
			buildSettings = {
				ALWAYS_SEARCH_USER_PATHS = NO;
				CLANG_CXX_LANGUAGE_STANDARD = "gnu++0x";
				CLANG_CXX_LIBRARY = "libc++";
				CLANG_ENABLE_MODULES = YES;
				CLANG_ENABLE_OBJC_ARC = YES;
				CLANG_WARN_BOOL_CONVERSION = YES;
				CLANG_WARN_CONSTANT_CONVERSION = YES;
				CLANG_WARN_DIRECT_OBJC_ISA_USAGE = YES_ERROR;
				CLANG_WARN_EMPTY_BODY = YES;
				CLANG_WARN_ENUM_CONVERSION = YES;
				CLANG_WARN_INT_CONVERSION = YES;
				CLANG_WARN_OBJC_ROOT_CLASS = YES_ERROR;
				CLANG_WARN_UNREACHABLE_CODE = YES;
				CLANG_WARN__DUPLICATE_METHOD_MATCH = YES;
				"CODE_SIGN_IDENTITY[sdk=iphoneos*]" = "iPhone Developer";
				COPY_PHASE_STRIP = YES;
				ENABLE_NS_ASSERTIONS = NO;
				ENABLE_STRICT_OBJC_MSGSEND = YES;
				GCC_C_LANGUAGE_STANDARD = gnu99;
				GCC_WARN_64_TO_32_BIT_CONVERSION = YES;
				GCC_WARN_ABOUT_RETURN_TYPE = YES_ERROR;
				GCC_WARN_UNDECLARED_SELECTOR = YES;
				GCC_WARN_UNINITIALIZED_AUTOS = YES_AGGRESSIVE;
				GCC_WARN_UNUSED_FUNCTION = YES;
				GCC_WARN_UNUSED_VARIABLE = YES;
				IPHONEOS_DEPLOYMENT_TARGET = 8.0;
				MTL_ENABLE_DEBUG_INFO = NO;
				SDKROOT = iphoneos;
				TARGETED_DEVICE_FAMILY = "1,2";
				VALIDATE_PRODUCT = YES;
			};
			name = Release;
		};
		367AB42C19E4F80200882553 /* Debug */ = {
			isa = XCBuildConfiguration;
			baseConfigurationReference = 721F787FBBE443FE9F201F78 /* Pods-arkohills.xcconfig */;
			buildSettings = {
				ASSETCATALOG_COMPILER_APPICON_NAME = AppIcon;
				CLANG_ENABLE_MODULES = YES;
				INFOPLIST_FILE = arkohills/Info.plist;
				LD_RUNPATH_SEARCH_PATHS = "$(inherited) @executable_path/Frameworks";
				PRODUCT_NAME = "$(TARGET_NAME)";
				SWIFT_OBJC_BRIDGING_HEADER = "arkohills/arkohills-Bridging-Header.h";
				SWIFT_OPTIMIZATION_LEVEL = "-Onone";
			};
			name = Debug;
		};
		367AB42D19E4F80200882553 /* Release */ = {
			isa = XCBuildConfiguration;
			baseConfigurationReference = 721F787FBBE443FE9F201F78 /* Pods-arkohills.xcconfig */;
			buildSettings = {
				ASSETCATALOG_COMPILER_APPICON_NAME = AppIcon;
				CLANG_ENABLE_MODULES = YES;
				INFOPLIST_FILE = arkohills/Info.plist;
				LD_RUNPATH_SEARCH_PATHS = "$(inherited) @executable_path/Frameworks";
				PRODUCT_NAME = "$(TARGET_NAME)";
				SWIFT_OBJC_BRIDGING_HEADER = "arkohills/arkohills-Bridging-Header.h";
			};
			name = Release;
		};
		367AB42F19E4F80200882553 /* Debug */ = {
			isa = XCBuildConfiguration;
			buildSettings = {
				BUNDLE_LOADER = "$(TEST_HOST)";
				FRAMEWORK_SEARCH_PATHS = (
					"$(SDKROOT)/Developer/Library/Frameworks",
					"$(inherited)",
				);
				GCC_PREPROCESSOR_DEFINITIONS = (
					"DEBUG=1",
					"$(inherited)",
				);
				INFOPLIST_FILE = arkohillsTests/Info.plist;
				LD_RUNPATH_SEARCH_PATHS = "$(inherited) @executable_path/Frameworks @loader_path/Frameworks";
				PRODUCT_NAME = "$(TARGET_NAME)";
				TEST_HOST = "$(BUILT_PRODUCTS_DIR)/arkohills.app/arkohills";
			};
			name = Debug;
		};
		367AB43019E4F80200882553 /* Release */ = {
			isa = XCBuildConfiguration;
			buildSettings = {
				BUNDLE_LOADER = "$(TEST_HOST)";
				FRAMEWORK_SEARCH_PATHS = (
					"$(SDKROOT)/Developer/Library/Frameworks",
					"$(inherited)",
				);
				INFOPLIST_FILE = arkohillsTests/Info.plist;
				LD_RUNPATH_SEARCH_PATHS = "$(inherited) @executable_path/Frameworks @loader_path/Frameworks";
				PRODUCT_NAME = "$(TARGET_NAME)";
				TEST_HOST = "$(BUILT_PRODUCTS_DIR)/arkohills.app/arkohills";
			};
			name = Release;
		};
/* End XCBuildConfiguration section */

/* Begin XCConfigurationList section */
		367AB40519E4F80000882553 /* Build configuration list for PBXProject "arkohills" */ = {
			isa = XCConfigurationList;
			buildConfigurations = (
				367AB42919E4F80200882553 /* Debug */,
				367AB42A19E4F80200882553 /* Release */,
			);
			defaultConfigurationIsVisible = 0;
			defaultConfigurationName = Release;
		};
		367AB42B19E4F80200882553 /* Build configuration list for PBXNativeTarget "arkohills" */ = {
			isa = XCConfigurationList;
			buildConfigurations = (
				367AB42C19E4F80200882553 /* Debug */,
				367AB42D19E4F80200882553 /* Release */,
			);
			defaultConfigurationIsVisible = 0;
			defaultConfigurationName = Release;
		};
		367AB42E19E4F80200882553 /* Build configuration list for PBXNativeTarget "arkohillsTests" */ = {
			isa = XCConfigurationList;
			buildConfigurations = (
				367AB42F19E4F80200882553 /* Debug */,
				367AB43019E4F80200882553 /* Release */,
			);
			defaultConfigurationIsVisible = 0;
			defaultConfigurationName = Release;
		};
/* End XCConfigurationList section */
	};
	rootObject = 367AB40219E4F80000882553 /* Project object */;
}
